
Microsoft Visual Studio Solution File, Format Version 12.00
# Visual Studio Version 17
VisualStudioVersion = 17.1.32414.318
MinimumVisualStudioVersion = 10.0.40219.1
Project("{FAE04EC0-301F-11D3-BF4B-00C04F79EFBC}") = "BIVT-21-15_Liamin-Borodin.D.A._LV_6", "BIVT-21-15_Liamin-Borodin.D.A._LV_6\BIVT-21-15_Liamin-Borodin.D.A._LV_6.csproj", "{EEC190E2-92DD-46C5-893E-E4160B0898BF}"
EndProject
Global
	GlobalSection(SolutionConfigurationPlatforms) = preSolution
		Debug|Any CPU = Debug|Any CPU
		Release|Any CPU = Release|Any CPU
	EndGlobalSection
	GlobalSection(ProjectConfigurationPlatforms) = postSolution
		{EEC190E2-92DD-46C5-893E-E4160B0898BF}.Debug|Any CPU.ActiveCfg = Debug|Any CPU
		{EEC190E2-92DD-46C5-893E-E4160B0898BF}.Debug|Any CPU.Build.0 = Debug|Any CPU
		{EEC190E2-92DD-46C5-893E-E4160B0898BF}.Release|Any CPU.ActiveCfg = Release|Any CPU
		{EEC190E2-92DD-46C5-893E-E4160B0898BF}.Release|Any CPU.Build.0 = Release|Any CPU
	EndGlobalSection
	GlobalSection(SolutionProperties) = preSolution
		HideSolutionNode = FALSE
	EndGlobalSection
	GlobalSection(ExtensibilityGlobals) = postSolution
		SolutionGuid = {9508899A-A071-4C00-AE36-E61F0B8DE187}
	EndGlobalSection
EndGlobal
